{
  "name": "w3esoft",
  "version": "1.0.0",
  "lockfileVersion": 1,
  "requires": true,
  "dependencies": {
    "@w3esoft/craft": {
      "version": "file:packages/craft"
    },
    "@w3esoft/glaive": {
      "version": "file:packages/glaive"
    },
    "@w3esoft/oz": {
      "version": "file:packages/oz"
    },
    "@w3esoft/oz.ozcss": {
      "version": "file:packages/oz.ozcss"
    },
    "@w3esoft/oz.ozhtml": {
      "version": "file:packages/oz.ozhtml"
    },
    "@w3esoft/tool": {
      "version": "file:packages/tool"
    }
  }
}
