
Microsoft Visual Studio Solution File, Format Version 12.00
# Visual Studio 15
VisualStudioVersion = 15.0.27004.2010
MinimumVisualStudioVersion = 10.0.40219.1
Project("{2150E333-8FDC-42A3-9474-1A3956D46DE8}") = "glaive", "glaive", "{B96E7AE9-A860-4CDD-B058-38B861ACC2C6}"
EndProject
Project("{2150E333-8FDC-42A3-9474-1A3956D46DE8}") = "craft", "craft", "{B57ABFCC-D9CC-4EAE-A505-3370DF555A0B}"
EndProject
Project("{2150E333-8FDC-42A3-9474-1A3956D46DE8}") = "oz", "oz", "{3431862A-5DFA-49FA-9B76-58A530F08125}"
EndProject
Project("{2150E333-8FDC-42A3-9474-1A3956D46DE8}") = "core", "core", "{5A36893F-1E04-469A-ACD4-965C0DBAF469}"
EndProject
Project("{2150E333-8FDC-42A3-9474-1A3956D46DE8}") = "core", "core", "{5DD174D0-16CA-49C7-8A0E-48EB8430F75E}"
EndProject
Project("{2150E333-8FDC-42A3-9474-1A3956D46DE8}") = "core", "core", "{99F07E20-1299-4CB5-9841-239EA476AA5C}"
EndProject
Project("{8BC9CEB8-8B4A-11D0-8D11-00A0C91BC942}") = "main", "craft\core\main\main.vcxproj", "{78466378-1C87-4CFF-AF30-1F25069409E4}"
EndProject
Project("{8BC9CEB8-8B4A-11D0-8D11-00A0C91BC942}") = "main", "glaive\core\main\main.vcxproj", "{724CC012-E8BD-4E67-B0BE-51ED34D1AA15}"
EndProject
Project("{8BC9CEB8-8B4A-11D0-8D11-00A0C91BC942}") = "main", "oz\core\main\main.vcxproj", "{D2CC1BE6-B58C-41DF-874C-2B6B9C0C5A01}"
EndProject
Project("{8BC9CEB8-8B4A-11D0-8D11-00A0C91BC942}") = "test", "craft\core\test\test.vcxproj", "{9F566EEB-AB0C-4B8F-8911-16BA7158CE29}"
EndProject
Project("{2150E333-8FDC-42A3-9474-1A3956D46DE8}") = "cli", "cli", "{6EFEC9EF-663D-46C6-BC9C-ACE3696C0578}"
EndProject
Project("{2150E333-8FDC-42A3-9474-1A3956D46DE8}") = "serve", "serve", "{CE0C53A8-AEE1-4E8D-89A3-47E443768C1B}"
EndProject
Project("{8BC9CEB8-8B4A-11D0-8D11-00A0C91BC942}") = "main", "craft\cli\main\main.vcxproj", "{A09F0932-B9A2-4B44-8C80-87EB85FB785B}"
EndProject
Project("{8BC9CEB8-8B4A-11D0-8D11-00A0C91BC942}") = "test", "craft\cli\test\test.vcxproj", "{B529CE86-B4E7-4506-B35B-1B3D9AD2EB07}"
EndProject
Project("{8BC9CEB8-8B4A-11D0-8D11-00A0C91BC942}") = "main", "craft\serve\main\main.vcxproj", "{5CDB28F0-6395-4774-9BDD-767D19006CDD}"
EndProject
Project("{8BC9CEB8-8B4A-11D0-8D11-00A0C91BC942}") = "test", "craft\serve\test\test.vcxproj", "{3D7C968B-68CD-461D-82BE-FF11D0337524}"
EndProject
Project("{8BC9CEB8-8B4A-11D0-8D11-00A0C91BC942}") = "test", "oz\core\test\test.vcxproj", "{0885AEE0-ED0B-42EE-A7A5-EF303F679AD4}"
EndProject
Project("{2150E333-8FDC-42A3-9474-1A3956D46DE8}") = "serve", "serve", "{17546395-949A-4C1E-8B72-067F4D8E30AC}"
EndProject
Project("{2150E333-8FDC-42A3-9474-1A3956D46DE8}") = "cli", "cli", "{3324DBF6-D568-4A25-B442-2ECB6A561EB0}"
EndProject
Project("{8BC9CEB8-8B4A-11D0-8D11-00A0C91BC942}") = "main", "oz\cli\main\main.vcxproj", "{5E4A2BFE-AA45-4B8F-8F25-EE82138F8F40}"
EndProject
Project("{8BC9CEB8-8B4A-11D0-8D11-00A0C91BC942}") = "test", "oz\cli\test\test.vcxproj", "{0D17BD03-6599-430E-8DA5-1558C061B5E8}"
EndProject
Project("{8BC9CEB8-8B4A-11D0-8D11-00A0C91BC942}") = "main", "oz\serve\main\main.vcxproj", "{D5A463D5-7F8C-4595-B02D-04162E95918A}"
EndProject
Project("{8BC9CEB8-8B4A-11D0-8D11-00A0C91BC942}") = "test", "oz\serve\test\test.vcxproj", "{D7797103-ED05-457E-BAF6-F6B6ED7AD309}"
EndProject
Project("{8BC9CEB8-8B4A-11D0-8D11-00A0C91BC942}") = "test", "glaive\core\test\test.vcxproj", "{7E5188DD-A9C2-419B-B6C7-D5D93A98C7B6}"
EndProject
Project("{2150E333-8FDC-42A3-9474-1A3956D46DE8}") = "serve", "serve", "{DDF9910D-2955-44A7-86B5-64E2BF150AA5}"
EndProject
Project("{8BC9CEB8-8B4A-11D0-8D11-00A0C91BC942}") = "main", "glaive\serve\main\main.vcxproj", "{82DEC315-019B-4EA2-BA30-F98A6E3B9E22}"
EndProject
Project("{8BC9CEB8-8B4A-11D0-8D11-00A0C91BC942}") = "test", "glaive\serve\test\test.vcxproj", "{33C265F3-C490-4C5C-AD5F-05E2B543DB5C}"
EndProject
Project("{2150E333-8FDC-42A3-9474-1A3956D46DE8}") = "cli", "cli", "{6F45BFEB-6519-4303-A09D-32210A0817AA}"
EndProject
Project("{8BC9CEB8-8B4A-11D0-8D11-00A0C91BC942}") = "main", "glaive\cli\main\main.vcxproj", "{8B2B85D8-DBD5-4610-8C04-0288856268AD}"
EndProject
Project("{8BC9CEB8-8B4A-11D0-8D11-00A0C91BC942}") = "test", "glaive\cli\test\test.vcxproj", "{F6F6A438-CE69-40C7-B91D-A0E28F04B6CA}"
EndProject
Global
	GlobalSection(SolutionConfigurationPlatforms) = preSolution
		Debug|x64 = Debug|x64
		Debug|x86 = Debug|x86
		Release|x64 = Release|x64
		Release|x86 = Release|x86
	EndGlobalSection
	GlobalSection(ProjectConfigurationPlatforms) = postSolution
		{78466378-1C87-4CFF-AF30-1F25069409E4}.Debug|x64.ActiveCfg = Debug|x64
		{78466378-1C87-4CFF-AF30-1F25069409E4}.Debug|x64.Build.0 = Debug|x64
		{78466378-1C87-4CFF-AF30-1F25069409E4}.Debug|x86.ActiveCfg = Debug|Win32
		{78466378-1C87-4CFF-AF30-1F25069409E4}.Debug|x86.Build.0 = Debug|Win32
		{78466378-1C87-4CFF-AF30-1F25069409E4}.Release|x64.ActiveCfg = Release|x64
		{78466378-1C87-4CFF-AF30-1F25069409E4}.Release|x64.Build.0 = Release|x64
		{78466378-1C87-4CFF-AF30-1F25069409E4}.Release|x86.ActiveCfg = Release|Win32
		{78466378-1C87-4CFF-AF30-1F25069409E4}.Release|x86.Build.0 = Release|Win32
		{724CC012-E8BD-4E67-B0BE-51ED34D1AA15}.Debug|x64.ActiveCfg = Debug|x64
		{724CC012-E8BD-4E67-B0BE-51ED34D1AA15}.Debug|x64.Build.0 = Debug|x64
		{724CC012-E8BD-4E67-B0BE-51ED34D1AA15}.Debug|x86.ActiveCfg = Debug|Win32
		{724CC012-E8BD-4E67-B0BE-51ED34D1AA15}.Debug|x86.Build.0 = Debug|Win32
		{724CC012-E8BD-4E67-B0BE-51ED34D1AA15}.Release|x64.ActiveCfg = Release|x64
		{724CC012-E8BD-4E67-B0BE-51ED34D1AA15}.Release|x64.Build.0 = Release|x64
		{724CC012-E8BD-4E67-B0BE-51ED34D1AA15}.Release|x86.ActiveCfg = Release|Win32
		{724CC012-E8BD-4E67-B0BE-51ED34D1AA15}.Release|x86.Build.0 = Release|Win32
		{D2CC1BE6-B58C-41DF-874C-2B6B9C0C5A01}.Debug|x64.ActiveCfg = Debug|x64
		{D2CC1BE6-B58C-41DF-874C-2B6B9C0C5A01}.Debug|x64.Build.0 = Debug|x64
		{D2CC1BE6-B58C-41DF-874C-2B6B9C0C5A01}.Debug|x86.ActiveCfg = Debug|Win32
		{D2CC1BE6-B58C-41DF-874C-2B6B9C0C5A01}.Debug|x86.Build.0 = Debug|Win32
		{D2CC1BE6-B58C-41DF-874C-2B6B9C0C5A01}.Release|x64.ActiveCfg = Release|x64
		{D2CC1BE6-B58C-41DF-874C-2B6B9C0C5A01}.Release|x64.Build.0 = Release|x64
		{D2CC1BE6-B58C-41DF-874C-2B6B9C0C5A01}.Release|x86.ActiveCfg = Release|Win32
		{D2CC1BE6-B58C-41DF-874C-2B6B9C0C5A01}.Release|x86.Build.0 = Release|Win32
		{9F566EEB-AB0C-4B8F-8911-16BA7158CE29}.Debug|x64.ActiveCfg = Debug|x64
		{9F566EEB-AB0C-4B8F-8911-16BA7158CE29}.Debug|x64.Build.0 = Debug|x64
		{9F566EEB-AB0C-4B8F-8911-16BA7158CE29}.Debug|x86.ActiveCfg = Debug|Win32
		{9F566EEB-AB0C-4B8F-8911-16BA7158CE29}.Debug|x86.Build.0 = Debug|Win32
		{9F566EEB-AB0C-4B8F-8911-16BA7158CE29}.Release|x64.ActiveCfg = Release|x64
		{9F566EEB-AB0C-4B8F-8911-16BA7158CE29}.Release|x64.Build.0 = Release|x64
		{9F566EEB-AB0C-4B8F-8911-16BA7158CE29}.Release|x86.ActiveCfg = Release|Win32
		{9F566EEB-AB0C-4B8F-8911-16BA7158CE29}.Release|x86.Build.0 = Release|Win32
		{A09F0932-B9A2-4B44-8C80-87EB85FB785B}.Debug|x64.ActiveCfg = Debug|x64
		{A09F0932-B9A2-4B44-8C80-87EB85FB785B}.Debug|x64.Build.0 = Debug|x64
		{A09F0932-B9A2-4B44-8C80-87EB85FB785B}.Debug|x86.ActiveCfg = Debug|Win32
		{A09F0932-B9A2-4B44-8C80-87EB85FB785B}.Debug|x86.Build.0 = Debug|Win32
		{A09F0932-B9A2-4B44-8C80-87EB85FB785B}.Release|x64.ActiveCfg = Release|x64
		{A09F0932-B9A2-4B44-8C80-87EB85FB785B}.Release|x64.Build.0 = Release|x64
		{A09F0932-B9A2-4B44-8C80-87EB85FB785B}.Release|x86.ActiveCfg = Release|Win32
		{A09F0932-B9A2-4B44-8C80-87EB85FB785B}.Release|x86.Build.0 = Release|Win32
		{B529CE86-B4E7-4506-B35B-1B3D9AD2EB07}.Debug|x64.ActiveCfg = Debug|x64
		{B529CE86-B4E7-4506-B35B-1B3D9AD2EB07}.Debug|x64.Build.0 = Debug|x64
		{B529CE86-B4E7-4506-B35B-1B3D9AD2EB07}.Debug|x86.ActiveCfg = Debug|Win32
		{B529CE86-B4E7-4506-B35B-1B3D9AD2EB07}.Debug|x86.Build.0 = Debug|Win32
		{B529CE86-B4E7-4506-B35B-1B3D9AD2EB07}.Release|x64.ActiveCfg = Release|x64
		{B529CE86-B4E7-4506-B35B-1B3D9AD2EB07}.Release|x64.Build.0 = Release|x64
		{B529CE86-B4E7-4506-B35B-1B3D9AD2EB07}.Release|x86.ActiveCfg = Release|Win32
		{B529CE86-B4E7-4506-B35B-1B3D9AD2EB07}.Release|x86.Build.0 = Release|Win32
		{5CDB28F0-6395-4774-9BDD-767D19006CDD}.Debug|x64.ActiveCfg = Debug|x64
		{5CDB28F0-6395-4774-9BDD-767D19006CDD}.Debug|x64.Build.0 = Debug|x64
		{5CDB28F0-6395-4774-9BDD-767D19006CDD}.Debug|x86.ActiveCfg = Debug|Win32
		{5CDB28F0-6395-4774-9BDD-767D19006CDD}.Debug|x86.Build.0 = Debug|Win32
		{5CDB28F0-6395-4774-9BDD-767D19006CDD}.Release|x64.ActiveCfg = Release|x64
		{5CDB28F0-6395-4774-9BDD-767D19006CDD}.Release|x64.Build.0 = Release|x64
		{5CDB28F0-6395-4774-9BDD-767D19006CDD}.Release|x86.ActiveCfg = Release|Win32
		{5CDB28F0-6395-4774-9BDD-767D19006CDD}.Release|x86.Build.0 = Release|Win32
		{3D7C968B-68CD-461D-82BE-FF11D0337524}.Debug|x64.ActiveCfg = Debug|x64
		{3D7C968B-68CD-461D-82BE-FF11D0337524}.Debug|x64.Build.0 = Debug|x64
		{3D7C968B-68CD-461D-82BE-FF11D0337524}.Debug|x86.ActiveCfg = Debug|Win32
		{3D7C968B-68CD-461D-82BE-FF11D0337524}.Debug|x86.Build.0 = Debug|Win32
		{3D7C968B-68CD-461D-82BE-FF11D0337524}.Release|x64.ActiveCfg = Release|x64
		{3D7C968B-68CD-461D-82BE-FF11D0337524}.Release|x64.Build.0 = Release|x64
		{3D7C968B-68CD-461D-82BE-FF11D0337524}.Release|x86.ActiveCfg = Release|Win32
		{3D7C968B-68CD-461D-82BE-FF11D0337524}.Release|x86.Build.0 = Release|Win32
		{0885AEE0-ED0B-42EE-A7A5-EF303F679AD4}.Debug|x64.ActiveCfg = Debug|x64
		{0885AEE0-ED0B-42EE-A7A5-EF303F679AD4}.Debug|x64.Build.0 = Debug|x64
		{0885AEE0-ED0B-42EE-A7A5-EF303F679AD4}.Debug|x86.ActiveCfg = Debug|Win32
		{0885AEE0-ED0B-42EE-A7A5-EF303F679AD4}.Debug|x86.Build.0 = Debug|Win32
		{0885AEE0-ED0B-42EE-A7A5-EF303F679AD4}.Release|x64.ActiveCfg = Release|x64
		{0885AEE0-ED0B-42EE-A7A5-EF303F679AD4}.Release|x64.Build.0 = Release|x64
		{0885AEE0-ED0B-42EE-A7A5-EF303F679AD4}.Release|x86.ActiveCfg = Release|Win32
		{0885AEE0-ED0B-42EE-A7A5-EF303F679AD4}.Release|x86.Build.0 = Release|Win32
		{5E4A2BFE-AA45-4B8F-8F25-EE82138F8F40}.Debug|x64.ActiveCfg = Debug|x64
		{5E4A2BFE-AA45-4B8F-8F25-EE82138F8F40}.Debug|x64.Build.0 = Debug|x64
		{5E4A2BFE-AA45-4B8F-8F25-EE82138F8F40}.Debug|x86.ActiveCfg = Debug|Win32
		{5E4A2BFE-AA45-4B8F-8F25-EE82138F8F40}.Debug|x86.Build.0 = Debug|Win32
		{5E4A2BFE-AA45-4B8F-8F25-EE82138F8F40}.Release|x64.ActiveCfg = Release|x64
		{5E4A2BFE-AA45-4B8F-8F25-EE82138F8F40}.Release|x64.Build.0 = Release|x64
		{5E4A2BFE-AA45-4B8F-8F25-EE82138F8F40}.Release|x86.ActiveCfg = Release|Win32
		{5E4A2BFE-AA45-4B8F-8F25-EE82138F8F40}.Release|x86.Build.0 = Release|Win32
		{0D17BD03-6599-430E-8DA5-1558C061B5E8}.Debug|x64.ActiveCfg = Debug|x64
		{0D17BD03-6599-430E-8DA5-1558C061B5E8}.Debug|x64.Build.0 = Debug|x64
		{0D17BD03-6599-430E-8DA5-1558C061B5E8}.Debug|x86.ActiveCfg = Debug|Win32
		{0D17BD03-6599-430E-8DA5-1558C061B5E8}.Debug|x86.Build.0 = Debug|Win32
		{0D17BD03-6599-430E-8DA5-1558C061B5E8}.Release|x64.ActiveCfg = Release|x64
		{0D17BD03-6599-430E-8DA5-1558C061B5E8}.Release|x64.Build.0 = Release|x64
		{0D17BD03-6599-430E-8DA5-1558C061B5E8}.Release|x86.ActiveCfg = Release|Win32
		{0D17BD03-6599-430E-8DA5-1558C061B5E8}.Release|x86.Build.0 = Release|Win32
		{D5A463D5-7F8C-4595-B02D-04162E95918A}.Debug|x64.ActiveCfg = Debug|x64
		{D5A463D5-7F8C-4595-B02D-04162E95918A}.Debug|x64.Build.0 = Debug|x64
		{D5A463D5-7F8C-4595-B02D-04162E95918A}.Debug|x86.ActiveCfg = Debug|Win32
		{D5A463D5-7F8C-4595-B02D-04162E95918A}.Debug|x86.Build.0 = Debug|Win32
		{D5A463D5-7F8C-4595-B02D-04162E95918A}.Release|x64.ActiveCfg = Release|x64
		{D5A463D5-7F8C-4595-B02D-04162E95918A}.Release|x64.Build.0 = Release|x64
		{D5A463D5-7F8C-4595-B02D-04162E95918A}.Release|x86.ActiveCfg = Release|Win32
		{D5A463D5-7F8C-4595-B02D-04162E95918A}.Release|x86.Build.0 = Release|Win32
		{D7797103-ED05-457E-BAF6-F6B6ED7AD309}.Debug|x64.ActiveCfg = Debug|x64
		{D7797103-ED05-457E-BAF6-F6B6ED7AD309}.Debug|x64.Build.0 = Debug|x64
		{D7797103-ED05-457E-BAF6-F6B6ED7AD309}.Debug|x86.ActiveCfg = Debug|Win32
		{D7797103-ED05-457E-BAF6-F6B6ED7AD309}.Debug|x86.Build.0 = Debug|Win32
		{D7797103-ED05-457E-BAF6-F6B6ED7AD309}.Release|x64.ActiveCfg = Release|x64
		{D7797103-ED05-457E-BAF6-F6B6ED7AD309}.Release|x64.Build.0 = Release|x64
		{D7797103-ED05-457E-BAF6-F6B6ED7AD309}.Release|x86.ActiveCfg = Release|Win32
		{D7797103-ED05-457E-BAF6-F6B6ED7AD309}.Release|x86.Build.0 = Release|Win32
		{7E5188DD-A9C2-419B-B6C7-D5D93A98C7B6}.Debug|x64.ActiveCfg = Debug|x64
		{7E5188DD-A9C2-419B-B6C7-D5D93A98C7B6}.Debug|x64.Build.0 = Debug|x64
		{7E5188DD-A9C2-419B-B6C7-D5D93A98C7B6}.Debug|x86.ActiveCfg = Debug|Win32
		{7E5188DD-A9C2-419B-B6C7-D5D93A98C7B6}.Debug|x86.Build.0 = Debug|Win32
		{7E5188DD-A9C2-419B-B6C7-D5D93A98C7B6}.Release|x64.ActiveCfg = Release|x64
		{7E5188DD-A9C2-419B-B6C7-D5D93A98C7B6}.Release|x64.Build.0 = Release|x64
		{7E5188DD-A9C2-419B-B6C7-D5D93A98C7B6}.Release|x86.ActiveCfg = Release|Win32
		{7E5188DD-A9C2-419B-B6C7-D5D93A98C7B6}.Release|x86.Build.0 = Release|Win32
		{82DEC315-019B-4EA2-BA30-F98A6E3B9E22}.Debug|x64.ActiveCfg = Debug|x64
		{82DEC315-019B-4EA2-BA30-F98A6E3B9E22}.Debug|x64.Build.0 = Debug|x64
		{82DEC315-019B-4EA2-BA30-F98A6E3B9E22}.Debug|x86.ActiveCfg = Debug|Win32
		{82DEC315-019B-4EA2-BA30-F98A6E3B9E22}.Debug|x86.Build.0 = Debug|Win32
		{82DEC315-019B-4EA2-BA30-F98A6E3B9E22}.Release|x64.ActiveCfg = Release|x64
		{82DEC315-019B-4EA2-BA30-F98A6E3B9E22}.Release|x64.Build.0 = Release|x64
		{82DEC315-019B-4EA2-BA30-F98A6E3B9E22}.Release|x86.ActiveCfg = Release|Win32
		{82DEC315-019B-4EA2-BA30-F98A6E3B9E22}.Release|x86.Build.0 = Release|Win32
		{33C265F3-C490-4C5C-AD5F-05E2B543DB5C}.Debug|x64.ActiveCfg = Debug|x64
		{33C265F3-C490-4C5C-AD5F-05E2B543DB5C}.Debug|x64.Build.0 = Debug|x64
		{33C265F3-C490-4C5C-AD5F-05E2B543DB5C}.Debug|x86.ActiveCfg = Debug|Win32
		{33C265F3-C490-4C5C-AD5F-05E2B543DB5C}.Debug|x86.Build.0 = Debug|Win32
		{33C265F3-C490-4C5C-AD5F-05E2B543DB5C}.Release|x64.ActiveCfg = Release|x64
		{33C265F3-C490-4C5C-AD5F-05E2B543DB5C}.Release|x64.Build.0 = Release|x64
		{33C265F3-C490-4C5C-AD5F-05E2B543DB5C}.Release|x86.ActiveCfg = Release|Win32
		{33C265F3-C490-4C5C-AD5F-05E2B543DB5C}.Release|x86.Build.0 = Release|Win32
		{8B2B85D8-DBD5-4610-8C04-0288856268AD}.Debug|x64.ActiveCfg = Debug|x64
		{8B2B85D8-DBD5-4610-8C04-0288856268AD}.Debug|x64.Build.0 = Debug|x64
		{8B2B85D8-DBD5-4610-8C04-0288856268AD}.Debug|x86.ActiveCfg = Debug|Win32
		{8B2B85D8-DBD5-4610-8C04-0288856268AD}.Debug|x86.Build.0 = Debug|Win32
		{8B2B85D8-DBD5-4610-8C04-0288856268AD}.Release|x64.ActiveCfg = Release|x64
		{8B2B85D8-DBD5-4610-8C04-0288856268AD}.Release|x64.Build.0 = Release|x64
		{8B2B85D8-DBD5-4610-8C04-0288856268AD}.Release|x86.ActiveCfg = Release|Win32
		{8B2B85D8-DBD5-4610-8C04-0288856268AD}.Release|x86.Build.0 = Release|Win32
		{F6F6A438-CE69-40C7-B91D-A0E28F04B6CA}.Debug|x64.ActiveCfg = Debug|x64
		{F6F6A438-CE69-40C7-B91D-A0E28F04B6CA}.Debug|x64.Build.0 = Debug|x64
		{F6F6A438-CE69-40C7-B91D-A0E28F04B6CA}.Debug|x86.ActiveCfg = Debug|Win32
		{F6F6A438-CE69-40C7-B91D-A0E28F04B6CA}.Debug|x86.Build.0 = Debug|Win32
		{F6F6A438-CE69-40C7-B91D-A0E28F04B6CA}.Release|x64.ActiveCfg = Release|x64
		{F6F6A438-CE69-40C7-B91D-A0E28F04B6CA}.Release|x64.Build.0 = Release|x64
		{F6F6A438-CE69-40C7-B91D-A0E28F04B6CA}.Release|x86.ActiveCfg = Release|Win32
		{F6F6A438-CE69-40C7-B91D-A0E28F04B6CA}.Release|x86.Build.0 = Release|Win32
	EndGlobalSection
	GlobalSection(SolutionProperties) = preSolution
		HideSolutionNode = FALSE
	EndGlobalSection
	GlobalSection(NestedProjects) = preSolution
		{5A36893F-1E04-469A-ACD4-965C0DBAF469} = {B57ABFCC-D9CC-4EAE-A505-3370DF555A0B}
		{5DD174D0-16CA-49C7-8A0E-48EB8430F75E} = {B96E7AE9-A860-4CDD-B058-38B861ACC2C6}
		{99F07E20-1299-4CB5-9841-239EA476AA5C} = {3431862A-5DFA-49FA-9B76-58A530F08125}
		{78466378-1C87-4CFF-AF30-1F25069409E4} = {5A36893F-1E04-469A-ACD4-965C0DBAF469}
		{724CC012-E8BD-4E67-B0BE-51ED34D1AA15} = {5DD174D0-16CA-49C7-8A0E-48EB8430F75E}
		{D2CC1BE6-B58C-41DF-874C-2B6B9C0C5A01} = {99F07E20-1299-4CB5-9841-239EA476AA5C}
		{9F566EEB-AB0C-4B8F-8911-16BA7158CE29} = {5A36893F-1E04-469A-ACD4-965C0DBAF469}
		{6EFEC9EF-663D-46C6-BC9C-ACE3696C0578} = {B57ABFCC-D9CC-4EAE-A505-3370DF555A0B}
		{CE0C53A8-AEE1-4E8D-89A3-47E443768C1B} = {B57ABFCC-D9CC-4EAE-A505-3370DF555A0B}
		{A09F0932-B9A2-4B44-8C80-87EB85FB785B} = {6EFEC9EF-663D-46C6-BC9C-ACE3696C0578}
		{B529CE86-B4E7-4506-B35B-1B3D9AD2EB07} = {6EFEC9EF-663D-46C6-BC9C-ACE3696C0578}
		{5CDB28F0-6395-4774-9BDD-767D19006CDD} = {CE0C53A8-AEE1-4E8D-89A3-47E443768C1B}
		{3D7C968B-68CD-461D-82BE-FF11D0337524} = {CE0C53A8-AEE1-4E8D-89A3-47E443768C1B}
		{0885AEE0-ED0B-42EE-A7A5-EF303F679AD4} = {99F07E20-1299-4CB5-9841-239EA476AA5C}
		{17546395-949A-4C1E-8B72-067F4D8E30AC} = {3431862A-5DFA-49FA-9B76-58A530F08125}
		{3324DBF6-D568-4A25-B442-2ECB6A561EB0} = {3431862A-5DFA-49FA-9B76-58A530F08125}
		{5E4A2BFE-AA45-4B8F-8F25-EE82138F8F40} = {3324DBF6-D568-4A25-B442-2ECB6A561EB0}
		{0D17BD03-6599-430E-8DA5-1558C061B5E8} = {3324DBF6-D568-4A25-B442-2ECB6A561EB0}
		{D5A463D5-7F8C-4595-B02D-04162E95918A} = {17546395-949A-4C1E-8B72-067F4D8E30AC}
		{D7797103-ED05-457E-BAF6-F6B6ED7AD309} = {17546395-949A-4C1E-8B72-067F4D8E30AC}
		{7E5188DD-A9C2-419B-B6C7-D5D93A98C7B6} = {5DD174D0-16CA-49C7-8A0E-48EB8430F75E}
		{DDF9910D-2955-44A7-86B5-64E2BF150AA5} = {B96E7AE9-A860-4CDD-B058-38B861ACC2C6}
		{82DEC315-019B-4EA2-BA30-F98A6E3B9E22} = {DDF9910D-2955-44A7-86B5-64E2BF150AA5}
		{33C265F3-C490-4C5C-AD5F-05E2B543DB5C} = {DDF9910D-2955-44A7-86B5-64E2BF150AA5}
		{6F45BFEB-6519-4303-A09D-32210A0817AA} = {B96E7AE9-A860-4CDD-B058-38B861ACC2C6}
		{8B2B85D8-DBD5-4610-8C04-0288856268AD} = {6F45BFEB-6519-4303-A09D-32210A0817AA}
		{F6F6A438-CE69-40C7-B91D-A0E28F04B6CA} = {6F45BFEB-6519-4303-A09D-32210A0817AA}
	EndGlobalSection
	GlobalSection(ExtensibilityGlobals) = postSolution
		SolutionGuid = {D6113263-9467-411C-8124-2EB918B3E8D5}
	EndGlobalSection
EndGlobal
