
Microsoft Visual Studio Solution File, Format Version 12.00
# Visual Studio 15
VisualStudioVersion = 15.0.27004.2010
MinimumVisualStudioVersion = 10.0.40219.1
Project("{2150E333-8FDC-42A3-9474-1A3956D46DE8}") = "glaive", "glaive", "{FDCF2B67-7FEB-4BCD-8381-BAD86262A10F}"
EndProject
Project("{2150E333-8FDC-42A3-9474-1A3956D46DE8}") = "craft", "craft", "{F3984EE5-7858-48DB-896B-6A498DC37CE2}"
EndProject
Project("{8BC9CEB8-8B4A-11D0-8D11-00A0C91BC942}") = "main", "craft\cli\main\main.vcxproj", "{09ABE4CE-6D9E-44ED-BB07-30D4EAC9B4A3}"
EndProject
Project("{2150E333-8FDC-42A3-9474-1A3956D46DE8}") = "serve", "serve", "{367816FA-2CD8-4AFF-B703-2B241518039D}"
EndProject
Project("{2150E333-8FDC-42A3-9474-1A3956D46DE8}") = "cli", "cli", "{5816ECA7-750F-4ECE-A27B-89EA245D5D97}"
EndProject
Project("{2150E333-8FDC-42A3-9474-1A3956D46DE8}") = "core", "core", "{3ACE6EA0-02A4-40F1-8520-CFBE1721F753}"
EndProject
Project("{8BC9CEB8-8B4A-11D0-8D11-00A0C91BC942}") = "test", "craft\cli\test\test.vcxproj", "{2DC44A78-3D99-4606-8131-F46F24936DAF}"
EndProject
Project("{8BC9CEB8-8B4A-11D0-8D11-00A0C91BC942}") = "main", "craft\core\main\main.vcxproj", "{2FCD0630-75C7-475B-B24D-F7F75A221B47}"
EndProject
Project("{8BC9CEB8-8B4A-11D0-8D11-00A0C91BC942}") = "test", "craft\core\test\test.vcxproj", "{8E5E8BEC-E227-49BA-8651-5EEB2004FF39}"
EndProject
Project("{8BC9CEB8-8B4A-11D0-8D11-00A0C91BC942}") = "main", "craft\serve\main\main.vcxproj", "{E9C29C2A-9788-49C5-B895-00EC1D2BEFBD}"
EndProject
Project("{8BC9CEB8-8B4A-11D0-8D11-00A0C91BC942}") = "test", "craft\serve\test\test.vcxproj", "{58F85C09-F1A8-403C-8505-BA549CF577E8}"
EndProject
Project("{2150E333-8FDC-42A3-9474-1A3956D46DE8}") = "serve", "serve", "{8C826387-9DA2-4783-A524-68060EB51258}"
EndProject
Project("{2150E333-8FDC-42A3-9474-1A3956D46DE8}") = "cli", "cli", "{F98EEA8A-DC22-4D9D-93EE-FB0847A13061}"
EndProject
Project("{2150E333-8FDC-42A3-9474-1A3956D46DE8}") = "core", "core", "{BEF63ECA-5380-4BA5-88AE-87E525AE8CE5}"
EndProject
Project("{8BC9CEB8-8B4A-11D0-8D11-00A0C91BC942}") = "main", "glaive\cli\main\main.vcxproj", "{A4E4E012-6C4C-49A3-ACA3-179A79FEF826}"
EndProject
Project("{8BC9CEB8-8B4A-11D0-8D11-00A0C91BC942}") = "test", "glaive\cli\test\test.vcxproj", "{ADDF8121-FABB-4F94-9988-BA8338CC25B6}"
EndProject
Project("{8BC9CEB8-8B4A-11D0-8D11-00A0C91BC942}") = "main", "glaive\core\main\main.vcxproj", "{613D80F5-5E60-409F-AAEF-5F4BC96991AC}"
EndProject
Project("{8BC9CEB8-8B4A-11D0-8D11-00A0C91BC942}") = "test", "glaive\core\test\test.vcxproj", "{224FF842-A006-4DE8-B0BB-6AE2C7275754}"
EndProject
Project("{8BC9CEB8-8B4A-11D0-8D11-00A0C91BC942}") = "main", "glaive\serve\main\main.vcxproj", "{27F6FCC1-B709-4F5C-A19A-0F2BC17DFFAF}"
EndProject
Project("{8BC9CEB8-8B4A-11D0-8D11-00A0C91BC942}") = "test", "glaive\serve\test\test.vcxproj", "{12B98205-6D84-4463-A6F1-79EA1F477423}"
EndProject
Global
	GlobalSection(SolutionConfigurationPlatforms) = preSolution
		Debug|x64 = Debug|x64
		Debug|x86 = Debug|x86
		Release|x64 = Release|x64
		Release|x86 = Release|x86
	EndGlobalSection
	GlobalSection(ProjectConfigurationPlatforms) = postSolution
		{09ABE4CE-6D9E-44ED-BB07-30D4EAC9B4A3}.Debug|x64.ActiveCfg = Debug|x64
		{09ABE4CE-6D9E-44ED-BB07-30D4EAC9B4A3}.Debug|x64.Build.0 = Debug|x64
		{09ABE4CE-6D9E-44ED-BB07-30D4EAC9B4A3}.Debug|x86.ActiveCfg = Debug|Win32
		{09ABE4CE-6D9E-44ED-BB07-30D4EAC9B4A3}.Debug|x86.Build.0 = Debug|Win32
		{09ABE4CE-6D9E-44ED-BB07-30D4EAC9B4A3}.Release|x64.ActiveCfg = Release|x64
		{09ABE4CE-6D9E-44ED-BB07-30D4EAC9B4A3}.Release|x64.Build.0 = Release|x64
		{09ABE4CE-6D9E-44ED-BB07-30D4EAC9B4A3}.Release|x86.ActiveCfg = Release|Win32
		{09ABE4CE-6D9E-44ED-BB07-30D4EAC9B4A3}.Release|x86.Build.0 = Release|Win32
		{2DC44A78-3D99-4606-8131-F46F24936DAF}.Debug|x64.ActiveCfg = Debug|x64
		{2DC44A78-3D99-4606-8131-F46F24936DAF}.Debug|x64.Build.0 = Debug|x64
		{2DC44A78-3D99-4606-8131-F46F24936DAF}.Debug|x86.ActiveCfg = Debug|Win32
		{2DC44A78-3D99-4606-8131-F46F24936DAF}.Debug|x86.Build.0 = Debug|Win32
		{2DC44A78-3D99-4606-8131-F46F24936DAF}.Release|x64.ActiveCfg = Release|x64
		{2DC44A78-3D99-4606-8131-F46F24936DAF}.Release|x64.Build.0 = Release|x64
		{2DC44A78-3D99-4606-8131-F46F24936DAF}.Release|x86.ActiveCfg = Release|Win32
		{2DC44A78-3D99-4606-8131-F46F24936DAF}.Release|x86.Build.0 = Release|Win32
		{2FCD0630-75C7-475B-B24D-F7F75A221B47}.Debug|x64.ActiveCfg = Debug|x64
		{2FCD0630-75C7-475B-B24D-F7F75A221B47}.Debug|x64.Build.0 = Debug|x64
		{2FCD0630-75C7-475B-B24D-F7F75A221B47}.Debug|x86.ActiveCfg = Debug|Win32
		{2FCD0630-75C7-475B-B24D-F7F75A221B47}.Debug|x86.Build.0 = Debug|Win32
		{2FCD0630-75C7-475B-B24D-F7F75A221B47}.Release|x64.ActiveCfg = Release|x64
		{2FCD0630-75C7-475B-B24D-F7F75A221B47}.Release|x64.Build.0 = Release|x64
		{2FCD0630-75C7-475B-B24D-F7F75A221B47}.Release|x86.ActiveCfg = Release|Win32
		{2FCD0630-75C7-475B-B24D-F7F75A221B47}.Release|x86.Build.0 = Release|Win32
		{8E5E8BEC-E227-49BA-8651-5EEB2004FF39}.Debug|x64.ActiveCfg = Debug|x64
		{8E5E8BEC-E227-49BA-8651-5EEB2004FF39}.Debug|x64.Build.0 = Debug|x64
		{8E5E8BEC-E227-49BA-8651-5EEB2004FF39}.Debug|x86.ActiveCfg = Debug|Win32
		{8E5E8BEC-E227-49BA-8651-5EEB2004FF39}.Debug|x86.Build.0 = Debug|Win32
		{8E5E8BEC-E227-49BA-8651-5EEB2004FF39}.Release|x64.ActiveCfg = Release|x64
		{8E5E8BEC-E227-49BA-8651-5EEB2004FF39}.Release|x64.Build.0 = Release|x64
		{8E5E8BEC-E227-49BA-8651-5EEB2004FF39}.Release|x86.ActiveCfg = Release|Win32
		{8E5E8BEC-E227-49BA-8651-5EEB2004FF39}.Release|x86.Build.0 = Release|Win32
		{E9C29C2A-9788-49C5-B895-00EC1D2BEFBD}.Debug|x64.ActiveCfg = Debug|x64
		{E9C29C2A-9788-49C5-B895-00EC1D2BEFBD}.Debug|x64.Build.0 = Debug|x64
		{E9C29C2A-9788-49C5-B895-00EC1D2BEFBD}.Debug|x86.ActiveCfg = Debug|Win32
		{E9C29C2A-9788-49C5-B895-00EC1D2BEFBD}.Debug|x86.Build.0 = Debug|Win32
		{E9C29C2A-9788-49C5-B895-00EC1D2BEFBD}.Release|x64.ActiveCfg = Release|x64
		{E9C29C2A-9788-49C5-B895-00EC1D2BEFBD}.Release|x64.Build.0 = Release|x64
		{E9C29C2A-9788-49C5-B895-00EC1D2BEFBD}.Release|x86.ActiveCfg = Release|Win32
		{E9C29C2A-9788-49C5-B895-00EC1D2BEFBD}.Release|x86.Build.0 = Release|Win32
		{58F85C09-F1A8-403C-8505-BA549CF577E8}.Debug|x64.ActiveCfg = Debug|x64
		{58F85C09-F1A8-403C-8505-BA549CF577E8}.Debug|x64.Build.0 = Debug|x64
		{58F85C09-F1A8-403C-8505-BA549CF577E8}.Debug|x86.ActiveCfg = Debug|Win32
		{58F85C09-F1A8-403C-8505-BA549CF577E8}.Debug|x86.Build.0 = Debug|Win32
		{58F85C09-F1A8-403C-8505-BA549CF577E8}.Release|x64.ActiveCfg = Release|x64
		{58F85C09-F1A8-403C-8505-BA549CF577E8}.Release|x64.Build.0 = Release|x64
		{58F85C09-F1A8-403C-8505-BA549CF577E8}.Release|x86.ActiveCfg = Release|Win32
		{58F85C09-F1A8-403C-8505-BA549CF577E8}.Release|x86.Build.0 = Release|Win32
		{A4E4E012-6C4C-49A3-ACA3-179A79FEF826}.Debug|x64.ActiveCfg = Debug|x64
		{A4E4E012-6C4C-49A3-ACA3-179A79FEF826}.Debug|x64.Build.0 = Debug|x64
		{A4E4E012-6C4C-49A3-ACA3-179A79FEF826}.Debug|x86.ActiveCfg = Debug|Win32
		{A4E4E012-6C4C-49A3-ACA3-179A79FEF826}.Debug|x86.Build.0 = Debug|Win32
		{A4E4E012-6C4C-49A3-ACA3-179A79FEF826}.Release|x64.ActiveCfg = Release|x64
		{A4E4E012-6C4C-49A3-ACA3-179A79FEF826}.Release|x64.Build.0 = Release|x64
		{A4E4E012-6C4C-49A3-ACA3-179A79FEF826}.Release|x86.ActiveCfg = Release|Win32
		{A4E4E012-6C4C-49A3-ACA3-179A79FEF826}.Release|x86.Build.0 = Release|Win32
		{ADDF8121-FABB-4F94-9988-BA8338CC25B6}.Debug|x64.ActiveCfg = Debug|x64
		{ADDF8121-FABB-4F94-9988-BA8338CC25B6}.Debug|x64.Build.0 = Debug|x64
		{ADDF8121-FABB-4F94-9988-BA8338CC25B6}.Debug|x86.ActiveCfg = Debug|Win32
		{ADDF8121-FABB-4F94-9988-BA8338CC25B6}.Debug|x86.Build.0 = Debug|Win32
		{ADDF8121-FABB-4F94-9988-BA8338CC25B6}.Release|x64.ActiveCfg = Release|x64
		{ADDF8121-FABB-4F94-9988-BA8338CC25B6}.Release|x64.Build.0 = Release|x64
		{ADDF8121-FABB-4F94-9988-BA8338CC25B6}.Release|x86.ActiveCfg = Release|Win32
		{ADDF8121-FABB-4F94-9988-BA8338CC25B6}.Release|x86.Build.0 = Release|Win32
		{613D80F5-5E60-409F-AAEF-5F4BC96991AC}.Debug|x64.ActiveCfg = Debug|x64
		{613D80F5-5E60-409F-AAEF-5F4BC96991AC}.Debug|x64.Build.0 = Debug|x64
		{613D80F5-5E60-409F-AAEF-5F4BC96991AC}.Debug|x86.ActiveCfg = Debug|Win32
		{613D80F5-5E60-409F-AAEF-5F4BC96991AC}.Debug|x86.Build.0 = Debug|Win32
		{613D80F5-5E60-409F-AAEF-5F4BC96991AC}.Release|x64.ActiveCfg = Release|x64
		{613D80F5-5E60-409F-AAEF-5F4BC96991AC}.Release|x64.Build.0 = Release|x64
		{613D80F5-5E60-409F-AAEF-5F4BC96991AC}.Release|x86.ActiveCfg = Release|Win32
		{613D80F5-5E60-409F-AAEF-5F4BC96991AC}.Release|x86.Build.0 = Release|Win32
		{224FF842-A006-4DE8-B0BB-6AE2C7275754}.Debug|x64.ActiveCfg = Debug|x64
		{224FF842-A006-4DE8-B0BB-6AE2C7275754}.Debug|x64.Build.0 = Debug|x64
		{224FF842-A006-4DE8-B0BB-6AE2C7275754}.Debug|x86.ActiveCfg = Debug|Win32
		{224FF842-A006-4DE8-B0BB-6AE2C7275754}.Debug|x86.Build.0 = Debug|Win32
		{224FF842-A006-4DE8-B0BB-6AE2C7275754}.Release|x64.ActiveCfg = Release|x64
		{224FF842-A006-4DE8-B0BB-6AE2C7275754}.Release|x64.Build.0 = Release|x64
		{224FF842-A006-4DE8-B0BB-6AE2C7275754}.Release|x86.ActiveCfg = Release|Win32
		{224FF842-A006-4DE8-B0BB-6AE2C7275754}.Release|x86.Build.0 = Release|Win32
		{27F6FCC1-B709-4F5C-A19A-0F2BC17DFFAF}.Debug|x64.ActiveCfg = Debug|x64
		{27F6FCC1-B709-4F5C-A19A-0F2BC17DFFAF}.Debug|x64.Build.0 = Debug|x64
		{27F6FCC1-B709-4F5C-A19A-0F2BC17DFFAF}.Debug|x86.ActiveCfg = Debug|Win32
		{27F6FCC1-B709-4F5C-A19A-0F2BC17DFFAF}.Debug|x86.Build.0 = Debug|Win32
		{27F6FCC1-B709-4F5C-A19A-0F2BC17DFFAF}.Release|x64.ActiveCfg = Release|x64
		{27F6FCC1-B709-4F5C-A19A-0F2BC17DFFAF}.Release|x64.Build.0 = Release|x64
		{27F6FCC1-B709-4F5C-A19A-0F2BC17DFFAF}.Release|x86.ActiveCfg = Release|Win32
		{27F6FCC1-B709-4F5C-A19A-0F2BC17DFFAF}.Release|x86.Build.0 = Release|Win32
		{12B98205-6D84-4463-A6F1-79EA1F477423}.Debug|x64.ActiveCfg = Debug|x64
		{12B98205-6D84-4463-A6F1-79EA1F477423}.Debug|x64.Build.0 = Debug|x64
		{12B98205-6D84-4463-A6F1-79EA1F477423}.Debug|x86.ActiveCfg = Debug|Win32
		{12B98205-6D84-4463-A6F1-79EA1F477423}.Debug|x86.Build.0 = Debug|Win32
		{12B98205-6D84-4463-A6F1-79EA1F477423}.Release|x64.ActiveCfg = Release|x64
		{12B98205-6D84-4463-A6F1-79EA1F477423}.Release|x64.Build.0 = Release|x64
		{12B98205-6D84-4463-A6F1-79EA1F477423}.Release|x86.ActiveCfg = Release|Win32
		{12B98205-6D84-4463-A6F1-79EA1F477423}.Release|x86.Build.0 = Release|Win32
	EndGlobalSection
	GlobalSection(SolutionProperties) = preSolution
		HideSolutionNode = FALSE
	EndGlobalSection
	GlobalSection(NestedProjects) = preSolution
		{09ABE4CE-6D9E-44ED-BB07-30D4EAC9B4A3} = {5816ECA7-750F-4ECE-A27B-89EA245D5D97}
		{367816FA-2CD8-4AFF-B703-2B241518039D} = {F3984EE5-7858-48DB-896B-6A498DC37CE2}
		{5816ECA7-750F-4ECE-A27B-89EA245D5D97} = {F3984EE5-7858-48DB-896B-6A498DC37CE2}
		{3ACE6EA0-02A4-40F1-8520-CFBE1721F753} = {F3984EE5-7858-48DB-896B-6A498DC37CE2}
		{2DC44A78-3D99-4606-8131-F46F24936DAF} = {5816ECA7-750F-4ECE-A27B-89EA245D5D97}
		{2FCD0630-75C7-475B-B24D-F7F75A221B47} = {3ACE6EA0-02A4-40F1-8520-CFBE1721F753}
		{8E5E8BEC-E227-49BA-8651-5EEB2004FF39} = {3ACE6EA0-02A4-40F1-8520-CFBE1721F753}
		{E9C29C2A-9788-49C5-B895-00EC1D2BEFBD} = {367816FA-2CD8-4AFF-B703-2B241518039D}
		{58F85C09-F1A8-403C-8505-BA549CF577E8} = {367816FA-2CD8-4AFF-B703-2B241518039D}
		{8C826387-9DA2-4783-A524-68060EB51258} = {FDCF2B67-7FEB-4BCD-8381-BAD86262A10F}
		{F98EEA8A-DC22-4D9D-93EE-FB0847A13061} = {FDCF2B67-7FEB-4BCD-8381-BAD86262A10F}
		{BEF63ECA-5380-4BA5-88AE-87E525AE8CE5} = {FDCF2B67-7FEB-4BCD-8381-BAD86262A10F}
		{A4E4E012-6C4C-49A3-ACA3-179A79FEF826} = {F98EEA8A-DC22-4D9D-93EE-FB0847A13061}
		{ADDF8121-FABB-4F94-9988-BA8338CC25B6} = {F98EEA8A-DC22-4D9D-93EE-FB0847A13061}
		{613D80F5-5E60-409F-AAEF-5F4BC96991AC} = {BEF63ECA-5380-4BA5-88AE-87E525AE8CE5}
		{224FF842-A006-4DE8-B0BB-6AE2C7275754} = {BEF63ECA-5380-4BA5-88AE-87E525AE8CE5}
		{27F6FCC1-B709-4F5C-A19A-0F2BC17DFFAF} = {8C826387-9DA2-4783-A524-68060EB51258}
		{12B98205-6D84-4463-A6F1-79EA1F477423} = {8C826387-9DA2-4783-A524-68060EB51258}
	EndGlobalSection
	GlobalSection(ExtensibilityGlobals) = postSolution
		SolutionGuid = {B849EFA9-F7D4-420C-A0C2-23ACE85FE604}
	EndGlobalSection
EndGlobal
